
Microsoft Visual Studio Solution File, Format Version 12.00
# Visual Studio Version 17
VisualStudioVersion = 17.8.34316.72
MinimumVisualStudioVersion = 10.0.40219.1
Project("{FAE04EC0-301F-11D3-BF4B-00C04F79EFBC}") = "ISAuto", "ISAuto\ISAuto.csproj", "{2DD8CA90-39C5-4001-9433-3392771CD03F}"
EndProject
Global
	GlobalSection(SolutionConfigurationPlatforms) = preSolution
		Debug|Any CPU = Debug|Any CPU
		Release|Any CPU = Release|Any CPU
	EndGlobalSection
	GlobalSection(ProjectConfigurationPlatforms) = postSolution
		{2DD8CA90-39C5-4001-9433-3392771CD03F}.Debug|Any CPU.ActiveCfg = Debug|Any CPU
		{2DD8CA90-39C5-4001-9433-3392771CD03F}.Debug|Any CPU.Build.0 = Debug|Any CPU
		{2DD8CA90-39C5-4001-9433-3392771CD03F}.Release|Any CPU.ActiveCfg = Release|Any CPU
		{2DD8CA90-39C5-4001-9433-3392771CD03F}.Release|Any CPU.Build.0 = Release|Any CPU
	EndGlobalSection
	GlobalSection(SolutionProperties) = preSolution
		HideSolutionNode = FALSE
	EndGlobalSection
	GlobalSection(ExtensibilityGlobals) = postSolution
		SolutionGuid = {A1B082D0-2640-489A-B083-350044ACC22F}
	EndGlobalSection
EndGlobal
